
Microsoft Visual Studio Solution File, Format Version 12.00
# Visual Studio 15
VisualStudioVersion = 15.0.28307.572
MinimumVisualStudioVersion = 10.0.40219.1
Project("{FAE04EC0-301F-11D3-BF4B-00C04F79EFBC}") = "Principios.SOLID", "Principios.Solid\Principios.SOLID.csproj", "{2834C070-0C0C-4E79-AE19-19E3CF24F65F}"
EndProject
Project("{FAE04EC0-301F-11D3-BF4B-00C04F79EFBC}") = "Console.SOLID", "Console.SOLID\Console.SOLID.csproj", "{DE2E6FD8-67A1-466A-BFCB-E6E6A265DEC9}"
EndProject
Global
	GlobalSection(SolutionConfigurationPlatforms) = preSolution
		Debug|Any CPU = Debug|Any CPU
		Release|Any CPU = Release|Any CPU
	EndGlobalSection
	GlobalSection(ProjectConfigurationPlatforms) = postSolution
		{2834C070-0C0C-4E79-AE19-19E3CF24F65F}.Debug|Any CPU.ActiveCfg = Debug|Any CPU
		{2834C070-0C0C-4E79-AE19-19E3CF24F65F}.Debug|Any CPU.Build.0 = Debug|Any CPU
		{2834C070-0C0C-4E79-AE19-19E3CF24F65F}.Release|Any CPU.ActiveCfg = Release|Any CPU
		{2834C070-0C0C-4E79-AE19-19E3CF24F65F}.Release|Any CPU.Build.0 = Release|Any CPU
		{DE2E6FD8-67A1-466A-BFCB-E6E6A265DEC9}.Debug|Any CPU.ActiveCfg = Debug|Any CPU
		{DE2E6FD8-67A1-466A-BFCB-E6E6A265DEC9}.Debug|Any CPU.Build.0 = Debug|Any CPU
		{DE2E6FD8-67A1-466A-BFCB-E6E6A265DEC9}.Release|Any CPU.ActiveCfg = Release|Any CPU
		{DE2E6FD8-67A1-466A-BFCB-E6E6A265DEC9}.Release|Any CPU.Build.0 = Release|Any CPU
	EndGlobalSection
	GlobalSection(SolutionProperties) = preSolution
		HideSolutionNode = FALSE
	EndGlobalSection
	GlobalSection(ExtensibilityGlobals) = postSolution
		SolutionGuid = {C16E7531-A7D9-40C2-AF89-7F4AE70B3E5B}
	EndGlobalSection
EndGlobal
